
Microsoft Visual Studio Solution File, Format Version 10.00
# Visual C++ Express 2008
Project("{8BC9CEB8-8B4A-11D0-8D11-00A0C91BC942}") = "mcomp", "mcomp.vcproj", "{0E68A562-FB35-4111-943B-DB1CBC4388C7}"
EndProject
Global
	GlobalSection(SolutionConfigurationPlatforms) = preSolution
		Debug|Win32 = Debug|Win32
		Release|Win32 = Release|Win32
	EndGlobalSection
	GlobalSection(ProjectConfigurationPlatforms) = postSolution
		{0E68A562-FB35-4111-943B-DB1CBC4388C7}.Debug|Win32.ActiveCfg = Debug|Win32
		{0E68A562-FB35-4111-943B-DB1CBC4388C7}.Debug|Win32.Build.0 = Debug|Win32
		{0E68A562-FB35-4111-943B-DB1CBC4388C7}.Release|Win32.ActiveCfg = Release|Win32
		{0E68A562-FB35-4111-943B-DB1CBC4388C7}.Release|Win32.Build.0 = Release|Win32
	EndGlobalSection
	GlobalSection(SolutionProperties) = preSolution
		HideSolutionNode = FALSE
	EndGlobalSection
EndGlobal
